// !$*UTF8*$!
{
	archiveVersion = 1;
	classes = {
	};
	objectVersion = 46;
	objects = {

/* Begin PBXBuildFile section */
		9E28FC751BD5EB7E0068043B /* GameController.framework in Frameworks */ = {isa = PBXBuildFile; fileRef = 9E28FC741BD5EB7E0068043B /* GameController.framework */; };
		9E28FC771BD5EBC00068043B /* GameController.framework in Frameworks */ = {isa = PBXBuildFile; fileRef = 9E28FC761BD5EBC00068043B /* GameController.framework */; };
		9E326E7D1BD5CDCD006F2519 /* main.m in Sources */ = {isa = PBXBuildFile; fileRef = 9E326E7C1BD5CDCD006F2519 /* main.m */; };
		9E326E801BD5CDCD006F2519 /* AppDelegate.m in Sources */ = {isa = PBXBuildFile; fileRef = 9E326E7F1BD5CDCD006F2519 /* AppDelegate.m */; };
		9E326E881BD5CDCD006F2519 /* GameViewController.m in Sources */ = {isa = PBXBuildFile; fileRef = 9E326E871BD5CDCD006F2519 /* GameViewController.m */; };
		9E326E8D1BD5CDCD006F2519 /* Main.storyboard in Resources */ = {isa = PBXBuildFile; fileRef = 9E326E8B1BD5CDCD006F2519 /* Main.storyboard */; };
		9E326E8F1BD5CDCD006F2519 /* Assets.xcassets in Resources */ = {isa = PBXBuildFile; fileRef = 9E326E8E1BD5CDCD006F2519 /* Assets.xcassets */; };
		9E326E9E1BD5CE10006F2519 /* SpriteKit.framework in Frameworks */ = {isa = PBXBuildFile; fileRef = 9E326E9D1BD5CE10006F2519 /* SpriteKit.framework */; };
		9E326EA01BD5CE16006F2519 /* AVFoundation.framework in Frameworks */ = {isa = PBXBuildFile; fileRef = 9E326E9F1BD5CE16006F2519 /* AVFoundation.framework */; };
		9E326EA21BD5CE1B006F2519 /* Foundation.framework in Frameworks */ = {isa = PBXBuildFile; fileRef = 9E326EA11BD5CE1B006F2519 /* Foundation.framework */; };
		9E326EA31BD5D0E9006F2519 /* PilotAceSharedFrameworkTVOS.framework in Frameworks */ = {isa = PBXBuildFile; fileRef = 9E326E961BD5CDCD006F2519 /* PilotAceSharedFrameworkTVOS.framework */; };
		9E326EA41BD5D0E9006F2519 /* PilotAceSharedFrameworkTVOS.framework in Embed Frameworks */ = {isa = PBXBuildFile; fileRef = 9E326E961BD5CDCD006F2519 /* PilotAceSharedFrameworkTVOS.framework */; settings = {ATTRIBUTES = (CodeSignOnCopy, RemoveHeadersOnCopy, ); }; };
		9E326EA91BD5D0FA006F2519 /* GameKit.framework in Frameworks */ = {isa = PBXBuildFile; fileRef = 9E326EA81BD5D0FA006F2519 /* GameKit.framework */; };
		9E326EAA1BD5D112006F2519 /* GameKit.framework in Frameworks */ = {isa = PBXBuildFile; fileRef = E02979B518BD4F5F00A7DC94 /* GameKit.framework */; };
		9E6483391932AB0C00DE8D02 /* Main_iPad.storyboard in Resources */ = {isa = PBXBuildFile; fileRef = E08FF74A18AD7524003D2E05 /* Main_iPad.storyboard */; };
		9E64833A1932AB0C00DE8D02 /* Main_iPhone.storyboard in Resources */ = {isa = PBXBuildFile; fileRef = E08FF74718AD7524003D2E05 /* Main_iPhone.storyboard */; };
		9E67762A1BD87C1800C2D53D /* Chalkduster.ttf in Resources */ = {isa = PBXBuildFile; fileRef = 9E6776291BD87C1800C2D53D /* Chalkduster.ttf */; };
		9EEEC1E81BD527A50088032F /* PilotAceSharedFramework.framework in Frameworks */ = {isa = PBXBuildFile; fileRef = 9E63DE391BA59A38006D5123 /* PilotAceSharedFramework.framework */; };
		9EEEC1E91BD527A50088032F /* PilotAceSharedFramework.framework in Embed Frameworks */ = {isa = PBXBuildFile; fileRef = 9E63DE391BA59A38006D5123 /* PilotAceSharedFramework.framework */; settings = {ATTRIBUTES = (CodeSignOnCopy, RemoveHeadersOnCopy, ); }; };
		9EF4CCAC1BD9C74800ACB6DD /* bullet_object_hit.caf in Resources */ = {isa = PBXBuildFile; fileRef = 9EF4CCA31BD9C74800ACB6DD /* bullet_object_hit.caf */; };
		9EF4CCAD1BD9C74800ACB6DD /* game_over_highscore.caf in Resources */ = {isa = PBXBuildFile; fileRef = 9EF4CCA41BD9C74800ACB6DD /* game_over_highscore.caf */; };
		9EF4CCAE1BD9C74800ACB6DD /* game_over_no_highscore.caf in Resources */ = {isa = PBXBuildFile; fileRef = 9EF4CCA51BD9C74800ACB6DD /* game_over_no_highscore.caf */; };
		9EF4CCAF1BD9C74800ACB6DD /* gas_can.caf in Resources */ = {isa = PBXBuildFile; fileRef = 9EF4CCA61BD9C74800ACB6DD /* gas_can.caf */; };
		9EF4CCB01BD9C74800ACB6DD /* missile_explosion.caf in Resources */ = {isa = PBXBuildFile; fileRef = 9EF4CCA71BD9C74800ACB6DD /* missile_explosion.caf */; };
		9EF4CCB11BD9C74800ACB6DD /* missile_tink.caf in Resources */ = {isa = PBXBuildFile; fileRef = 9EF4CCA81BD9C74800ACB6DD /* missile_tink.caf */; };
		9EF4CCB21BD9C74800ACB6DD /* pause.caf in Resources */ = {isa = PBXBuildFile; fileRef = 9EF4CCA91BD9C74800ACB6DD /* pause.caf */; };
		9EF4CCB31BD9C74800ACB6DD /* plane_explosion.caf in Resources */ = {isa = PBXBuildFile; fileRef = 9EF4CCAA1BD9C74800ACB6DD /* plane_explosion.caf */; };
		9EF4CCB41BD9C74800ACB6DD /* unpause.caf in Resources */ = {isa = PBXBuildFile; fileRef = 9EF4CCAB1BD9C74800ACB6DD /* unpause.caf */; };
		9EF4CCB71BD9C77F00ACB6DD /* bullet_object_hit.caf in Resources */ = {isa = PBXBuildFile; fileRef = 9EF4CCA31BD9C74800ACB6DD /* bullet_object_hit.caf */; };
		9EF4CCB81BD9C77F00ACB6DD /* game_over_highscore.caf in Resources */ = {isa = PBXBuildFile; fileRef = 9EF4CCA41BD9C74800ACB6DD /* game_over_highscore.caf */; };
		9EF4CCB91BD9C77F00ACB6DD /* game_over_no_highscore.caf in Resources */ = {isa = PBXBuildFile; fileRef = 9EF4CCA51BD9C74800ACB6DD /* game_over_no_highscore.caf */; };
		9EF4CCBA1BD9C77F00ACB6DD /* gas_can.caf in Resources */ = {isa = PBXBuildFile; fileRef = 9EF4CCA61BD9C74800ACB6DD /* gas_can.caf */; };
		9EF4CCBB1BD9C77F00ACB6DD /* missile_explosion.caf in Resources */ = {isa = PBXBuildFile; fileRef = 9EF4CCA71BD9C74800ACB6DD /* missile_explosion.caf */; };
		9EF4CCBC1BD9C77F00ACB6DD /* missile_tink.caf in Resources */ = {isa = PBXBuildFile; fileRef = 9EF4CCA81BD9C74800ACB6DD /* missile_tink.caf */; };
		9EF4CCBD1BD9C77F00ACB6DD /* pause.caf in Resources */ = {isa = PBXBuildFile; fileRef = 9EF4CCA91BD9C74800ACB6DD /* pause.caf */; };
		9EF4CCBE1BD9C77F00ACB6DD /* plane_explosion.caf in Resources */ = {isa = PBXBuildFile; fileRef = 9EF4CCAA1BD9C74800ACB6DD /* plane_explosion.caf */; };
		9EF4CCBF1BD9C77F00ACB6DD /* unpause.caf in Resources */ = {isa = PBXBuildFile; fileRef = 9EF4CCAB1BD9C74800ACB6DD /* unpause.caf */; };
		E04206D318EE5B610057A1AA /* Social.framework in Frameworks */ = {isa = PBXBuildFile; fileRef = E04206D218EE5B610057A1AA /* Social.framework */; };
		E08FF73418AD7524003D2E05 /* Foundation.framework in Frameworks */ = {isa = PBXBuildFile; fileRef = E08FF73318AD7524003D2E05 /* Foundation.framework */; };
		E08FF73818AD7524003D2E05 /* UIKit.framework in Frameworks */ = {isa = PBXBuildFile; fileRef = E08FF73718AD7524003D2E05 /* UIKit.framework */; };
		E08FF73A18AD7524003D2E05 /* SpriteKit.framework in Frameworks */ = {isa = PBXBuildFile; fileRef = E08FF73918AD7524003D2E05 /* SpriteKit.framework */; };
		E08FF74018AD7524003D2E05 /* InfoPlist.strings in Resources */ = {isa = PBXBuildFile; fileRef = E08FF73E18AD7524003D2E05 /* InfoPlist.strings */; };
		E08FF74218AD7524003D2E05 /* main.m in Sources */ = {isa = PBXBuildFile; fileRef = E08FF74118AD7524003D2E05 /* main.m */; };
		E08FF74618AD7524003D2E05 /* PilotAceAppDelegate.m in Sources */ = {isa = PBXBuildFile; fileRef = E08FF74518AD7524003D2E05 /* PilotAceAppDelegate.m */; };
		E08FF74F18AD7524003D2E05 /* ViewController.m in Sources */ = {isa = PBXBuildFile; fileRef = E08FF74E18AD7524003D2E05 /* ViewController.m */; };
		E08FF75618AD7524003D2E05 /* Images.xcassets in Resources */ = {isa = PBXBuildFile; fileRef = E08FF75518AD7524003D2E05 /* Images.xcassets */; };
		E08FF75D18AD7524003D2E05 /* XCTest.framework in Frameworks */ = {isa = PBXBuildFile; fileRef = E08FF75C18AD7524003D2E05 /* XCTest.framework */; };
		E08FF75E18AD7524003D2E05 /* Foundation.framework in Frameworks */ = {isa = PBXBuildFile; fileRef = E08FF73318AD7524003D2E05 /* Foundation.framework */; };
		E08FF75F18AD7524003D2E05 /* UIKit.framework in Frameworks */ = {isa = PBXBuildFile; fileRef = E08FF73718AD7524003D2E05 /* UIKit.framework */; };
		E08FF76718AD7524003D2E05 /* InfoPlist.strings in Resources */ = {isa = PBXBuildFile; fileRef = E08FF76518AD7524003D2E05 /* InfoPlist.strings */; };
		E08FF76918AD7524003D2E05 /* Pilot_AceTests.m in Sources */ = {isa = PBXBuildFile; fileRef = E08FF76818AD7524003D2E05 /* Pilot_AceTests.m */; };
		E0D5A04318C95A28004AB2E5 /* AVFoundation.framework in Frameworks */ = {isa = PBXBuildFile; fileRef = E0D5A04218C95A28004AB2E5 /* AVFoundation.framework */; };
/* End PBXBuildFile section */

/* Begin PBXContainerItemProxy section */
		9E326E951BD5CDCD006F2519 /* PBXContainerItemProxy */ = {
			isa = PBXContainerItemProxy;
			containerPortal = 9E63DE331BA59A37006D5123 /* PilotAceSharedFramework.xcodeproj */;
			proxyType = 2;
			remoteGlobalIDString = 9EA2B5F01BD59FB400F29986;
			remoteInfo = PilotAceSharedFrameworkTVOS;
		};
		9E326EA51BD5D0E9006F2519 /* PBXContainerItemProxy */ = {
			isa = PBXContainerItemProxy;
			containerPortal = 9E63DE331BA59A37006D5123 /* PilotAceSharedFramework.xcodeproj */;
			proxyType = 1;
			remoteGlobalIDString = 9EA2B5EF1BD59FB400F29986;
			remoteInfo = PilotAceSharedFrameworkTVOS;
		};
		9E63DE381BA59A38006D5123 /* PBXContainerItemProxy */ = {
			isa = PBXContainerItemProxy;
			containerPortal = 9E63DE331BA59A37006D5123 /* PilotAceSharedFramework.xcodeproj */;
			proxyType = 2;
			remoteGlobalIDString = 9E63DE191BA59A37006D5123;
			remoteInfo = PilotAceSharedFramework;
		};
		9E63DE3A1BA59A38006D5123 /* PBXContainerItemProxy */ = {
			isa = PBXContainerItemProxy;
			containerPortal = 9E63DE331BA59A37006D5123 /* PilotAceSharedFramework.xcodeproj */;
			proxyType = 2;
			remoteGlobalIDString = 9E63DE231BA59A37006D5123;
			remoteInfo = PilotAceSharedFrameworkTests;
		};
		9EEEC1EA1BD527A50088032F /* PBXContainerItemProxy */ = {
			isa = PBXContainerItemProxy;
			containerPortal = 9E63DE331BA59A37006D5123 /* PilotAceSharedFramework.xcodeproj */;
			proxyType = 1;
			remoteGlobalIDString = 9E63DE181BA59A37006D5123;
			remoteInfo = PilotAceSharedFramework;
		};
		E08FF76018AD7524003D2E05 /* PBXContainerItemProxy */ = {
			isa = PBXContainerItemProxy;
			containerPortal = E08FF72818AD7524003D2E05 /* Project object */;
			proxyType = 1;
			remoteGlobalIDString = E08FF72F18AD7524003D2E05;
			remoteInfo = "Pilot Ace";
		};
/* End PBXContainerItemProxy section */

/* Begin PBXCopyFilesBuildPhase section */
		9E326EA71BD5D0E9006F2519 /* Embed Frameworks */ = {
			isa = PBXCopyFilesBuildPhase;
			buildActionMask = 2147483647;
			dstPath = "";
			dstSubfolderSpec = 10;
			files = (
				9E326EA41BD5D0E9006F2519 /* PilotAceSharedFrameworkTVOS.framework in Embed Frameworks */,
			);
			name = "Embed Frameworks";
			runOnlyForDeploymentPostprocessing = 0;
		};
		9EEEC1EC1BD527A50088032F /* Embed Frameworks */ = {
			isa = PBXCopyFilesBuildPhase;
			buildActionMask = 2147483647;
			dstPath = "";
			dstSubfolderSpec = 10;
			files = (
				9EEEC1E91BD527A50088032F /* PilotAceSharedFramework.framework in Embed Frameworks */,
			);
			name = "Embed Frameworks";
			runOnlyForDeploymentPostprocessing = 0;
		};
/* End PBXCopyFilesBuildPhase section */

/* Begin PBXFileReference section */
		9E28FC741BD5EB7E0068043B /* GameController.framework */ = {isa = PBXFileReference; lastKnownFileType = wrapper.framework; name = GameController.framework; path = Platforms/AppleTVOS.platform/Developer/SDKs/AppleTVOS9.0.sdk/System/Library/Frameworks/GameController.framework; sourceTree = DEVELOPER_DIR; };
		9E28FC761BD5EBC00068043B /* GameController.framework */ = {isa = PBXFileReference; lastKnownFileType = wrapper.framework; name = GameController.framework; path = System/Library/Frameworks/GameController.framework; sourceTree = SDKROOT; };
		9E326E791BD5CDCD006F2519 /* Pilot Ace.app */ = {isa = PBXFileReference; explicitFileType = wrapper.application; includeInIndex = 0; path = "Pilot Ace.app"; sourceTree = BUILT_PRODUCTS_DIR; };
		9E326E7C1BD5CDCD006F2519 /* main.m */ = {isa = PBXFileReference; lastKnownFileType = sourcecode.c.objc; path = main.m; sourceTree = "<group>"; };
		9E326E7E1BD5CDCD006F2519 /* AppDelegate.h */ = {isa = PBXFileReference; lastKnownFileType = sourcecode.c.h; path = AppDelegate.h; sourceTree = "<group>"; };
		9E326E7F1BD5CDCD006F2519 /* AppDelegate.m */ = {isa = PBXFileReference; lastKnownFileType = sourcecode.c.objc; path = AppDelegate.m; sourceTree = "<group>"; };
		9E326E861BD5CDCD006F2519 /* GameViewController.h */ = {isa = PBXFileReference; lastKnownFileType = sourcecode.c.h; path = GameViewController.h; sourceTree = "<group>"; };
		9E326E871BD5CDCD006F2519 /* GameViewController.m */ = {isa = PBXFileReference; lastKnownFileType = sourcecode.c.objc; path = GameViewController.m; sourceTree = "<group>"; };
		9E326E8C1BD5CDCD006F2519 /* Base */ = {isa = PBXFileReference; lastKnownFileType = file.storyboard; name = Base; path = Base.lproj/Main.storyboard; sourceTree = "<group>"; };
		9E326E8E1BD5CDCD006F2519 /* Assets.xcassets */ = {isa = PBXFileReference; lastKnownFileType = folder.assetcatalog; path = Assets.xcassets; sourceTree = "<group>"; };
		9E326E901BD5CDCD006F2519 /* Info.plist */ = {isa = PBXFileReference; lastKnownFileType = text.plist.xml; path = Info.plist; sourceTree = "<group>"; };
		9E326E9D1BD5CE10006F2519 /* SpriteKit.framework */ = {isa = PBXFileReference; lastKnownFileType = wrapper.framework; name = SpriteKit.framework; path = Platforms/AppleTVOS.platform/Developer/SDKs/AppleTVOS9.0.sdk/System/Library/Frameworks/SpriteKit.framework; sourceTree = DEVELOPER_DIR; };
		9E326E9F1BD5CE16006F2519 /* AVFoundation.framework */ = {isa = PBXFileReference; lastKnownFileType = wrapper.framework; name = AVFoundation.framework; path = Platforms/AppleTVOS.platform/Developer/SDKs/AppleTVOS9.0.sdk/System/Library/Frameworks/AVFoundation.framework; sourceTree = DEVELOPER_DIR; };
		9E326EA11BD5CE1B006F2519 /* Foundation.framework */ = {isa = PBXFileReference; lastKnownFileType = wrapper.framework; name = Foundation.framework; path = Platforms/AppleTVOS.platform/Developer/SDKs/AppleTVOS9.0.sdk/System/Library/Frameworks/Foundation.framework; sourceTree = DEVELOPER_DIR; };
		9E326EA81BD5D0FA006F2519 /* GameKit.framework */ = {isa = PBXFileReference; lastKnownFileType = wrapper.framework; name = GameKit.framework; path = Platforms/AppleTVOS.platform/Developer/SDKs/AppleTVOS9.0.sdk/System/Library/Frameworks/GameKit.framework; sourceTree = DEVELOPER_DIR; };
		9E63DE331BA59A37006D5123 /* PilotAceSharedFramework.xcodeproj */ = {isa = PBXFileReference; lastKnownFileType = "wrapper.pb-project"; name = PilotAceSharedFramework.xcodeproj; path = PilotAceSharedFramework/PilotAceSharedFramework.xcodeproj; sourceTree = "<group>"; };
		9E6776291BD87C1800C2D53D /* Chalkduster.ttf */ = {isa = PBXFileReference; lastKnownFileType = file; path = Chalkduster.ttf; sourceTree = "<group>"; };
		9EF4CCA31BD9C74800ACB6DD /* bullet_object_hit.caf */ = {isa = PBXFileReference; lastKnownFileType = file; name = bullet_object_hit.caf; path = PilotAceSharedFramework/PilotAceSharedFramework/Sounds/bullet_object_hit.caf; sourceTree = SOURCE_ROOT; };
		9EF4CCA41BD9C74800ACB6DD /* game_over_highscore.caf */ = {isa = PBXFileReference; lastKnownFileType = file; name = game_over_highscore.caf; path = PilotAceSharedFramework/PilotAceSharedFramework/Sounds/game_over_highscore.caf; sourceTree = SOURCE_ROOT; };
		9EF4CCA51BD9C74800ACB6DD /* game_over_no_highscore.caf */ = {isa = PBXFileReference; lastKnownFileType = file; name = game_over_no_highscore.caf; path = PilotAceSharedFramework/PilotAceSharedFramework/Sounds/game_over_no_highscore.caf; sourceTree = SOURCE_ROOT; };
		9EF4CCA61BD9C74800ACB6DD /* gas_can.caf */ = {isa = PBXFileReference; lastKnownFileType = file; name = gas_can.caf; path = PilotAceSharedFramework/PilotAceSharedFramework/Sounds/gas_can.caf; sourceTree = SOURCE_ROOT; };
		9EF4CCA71BD9C74800ACB6DD /* missile_explosion.caf */ = {isa = PBXFileReference; lastKnownFileType = file; name = missile_explosion.caf; path = PilotAceSharedFramework/PilotAceSharedFramework/Sounds/missile_explosion.caf; sourceTree = SOURCE_ROOT; };
		9EF4CCA81BD9C74800ACB6DD /* missile_tink.caf */ = {isa = PBXFileReference; lastKnownFileType = file; name = missile_tink.caf; path = PilotAceSharedFramework/PilotAceSharedFramework/Sounds/missile_tink.caf; sourceTree = SOURCE_ROOT; };
		9EF4CCA91BD9C74800ACB6DD /* pause.caf */ = {isa = PBXFileReference; lastKnownFileType = file; name = pause.caf; path = PilotAceSharedFramework/PilotAceSharedFramework/Sounds/pause.caf; sourceTree = SOURCE_ROOT; };
		9EF4CCAA1BD9C74800ACB6DD /* plane_explosion.caf */ = {isa = PBXFileReference; lastKnownFileType = file; name = plane_explosion.caf; path = PilotAceSharedFramework/PilotAceSharedFramework/Sounds/plane_explosion.caf; sourceTree = SOURCE_ROOT; };
		9EF4CCAB1BD9C74800ACB6DD /* unpause.caf */ = {isa = PBXFileReference; lastKnownFileType = file; name = unpause.caf; path = PilotAceSharedFramework/PilotAceSharedFramework/Sounds/unpause.caf; sourceTree = SOURCE_ROOT; };
		E02979B518BD4F5F00A7DC94 /* GameKit.framework */ = {isa = PBXFileReference; lastKnownFileType = wrapper.framework; name = GameKit.framework; path = System/Library/Frameworks/GameKit.framework; sourceTree = SDKROOT; };
		E04206D218EE5B610057A1AA /* Social.framework */ = {isa = PBXFileReference; lastKnownFileType = wrapper.framework; name = Social.framework; path = System/Library/Frameworks/Social.framework; sourceTree = SDKROOT; };
		E08FF73018AD7524003D2E05 /* Pilot Ace.app */ = {isa = PBXFileReference; explicitFileType = wrapper.application; includeInIndex = 0; path = "Pilot Ace.app"; sourceTree = BUILT_PRODUCTS_DIR; };
		E08FF73318AD7524003D2E05 /* Foundation.framework */ = {isa = PBXFileReference; lastKnownFileType = wrapper.framework; name = Foundation.framework; path = System/Library/Frameworks/Foundation.framework; sourceTree = SDKROOT; };
		E08FF73518AD7524003D2E05 /* CoreGraphics.framework */ = {isa = PBXFileReference; lastKnownFileType = wrapper.framework; name = CoreGraphics.framework; path = System/Library/Frameworks/CoreGraphics.framework; sourceTree = SDKROOT; };
		E08FF73718AD7524003D2E05 /* UIKit.framework */ = {isa = PBXFileReference; lastKnownFileType = wrapper.framework; name = UIKit.framework; path = System/Library/Frameworks/UIKit.framework; sourceTree = SDKROOT; };
		E08FF73918AD7524003D2E05 /* SpriteKit.framework */ = {isa = PBXFileReference; lastKnownFileType = wrapper.framework; name = SpriteKit.framework; path = System/Library/Frameworks/SpriteKit.framework; sourceTree = SDKROOT; };
		E08FF73D18AD7524003D2E05 /* Pilot Ace-Info.plist */ = {isa = PBXFileReference; lastKnownFileType = text.plist.xml; path = "Pilot Ace-Info.plist"; sourceTree = "<group>"; };
		E08FF73F18AD7524003D2E05 /* en */ = {isa = PBXFileReference; lastKnownFileType = text.plist.strings; name = en; path = en.lproj/InfoPlist.strings; sourceTree = "<group>"; };
		E08FF74118AD7524003D2E05 /* main.m */ = {isa = PBXFileReference; lastKnownFileType = sourcecode.c.objc; path = main.m; sourceTree = "<group>"; };
		E08FF74318AD7524003D2E05 /* Pilot Ace-Prefix.pch */ = {isa = PBXFileReference; lastKnownFileType = sourcecode.c.h; path = "Pilot Ace-Prefix.pch"; sourceTree = "<group>"; };
		E08FF74418AD7524003D2E05 /* PilotAceAppDelegate.h */ = {isa = PBXFileReference; lastKnownFileType = sourcecode.c.h; path = PilotAceAppDelegate.h; sourceTree = "<group>"; };
		E08FF74518AD7524003D2E05 /* PilotAceAppDelegate.m */ = {isa = PBXFileReference; lastKnownFileType = sourcecode.c.objc; path = PilotAceAppDelegate.m; sourceTree = "<group>"; };
		E08FF74818AD7524003D2E05 /* Base */ = {isa = PBXFileReference; lastKnownFileType = file.storyboard; name = Base; path = Base.lproj/Main_iPhone.storyboard; sourceTree = "<group>"; };
		E08FF74B18AD7524003D2E05 /* Base */ = {isa = PBXFileReference; lastKnownFileType = file.storyboard; name = Base; path = Base.lproj/Main_iPad.storyboard; sourceTree = "<group>"; };
		E08FF74D18AD7524003D2E05 /* ViewController.h */ = {isa = PBXFileReference; lastKnownFileType = sourcecode.c.h; path = ViewController.h; sourceTree = "<group>"; };
		E08FF74E18AD7524003D2E05 /* ViewController.m */ = {isa = PBXFileReference; lastKnownFileType = sourcecode.c.objc; path = ViewController.m; sourceTree = "<group>"; };
		E08FF75518AD7524003D2E05 /* Images.xcassets */ = {isa = PBXFileReference; lastKnownFileType = folder.assetcatalog; path = Images.xcassets; sourceTree = "<group>"; };
		E08FF75B18AD7524003D2E05 /* Pilot AceTests.xctest */ = {isa = PBXFileReference; explicitFileType = wrapper.cfbundle; includeInIndex = 0; path = "Pilot AceTests.xctest"; sourceTree = BUILT_PRODUCTS_DIR; };
		E08FF75C18AD7524003D2E05 /* XCTest.framework */ = {isa = PBXFileReference; lastKnownFileType = wrapper.framework; name = XCTest.framework; path = Library/Frameworks/XCTest.framework; sourceTree = DEVELOPER_DIR; };
		E08FF76418AD7524003D2E05 /* Pilot AceTests-Info.plist */ = {isa = PBXFileReference; lastKnownFileType = text.plist.xml; path = "Pilot AceTests-Info.plist"; sourceTree = "<group>"; };
		E08FF76618AD7524003D2E05 /* en */ = {isa = PBXFileReference; lastKnownFileType = text.plist.strings; name = en; path = en.lproj/InfoPlist.strings; sourceTree = "<group>"; };
		E08FF76818AD7524003D2E05 /* Pilot_AceTests.m */ = {isa = PBXFileReference; lastKnownFileType = sourcecode.c.objc; path = Pilot_AceTests.m; sourceTree = "<group>"; };
		E0D5A04218C95A28004AB2E5 /* AVFoundation.framework */ = {isa = PBXFileReference; lastKnownFileType = wrapper.framework; name = AVFoundation.framework; path = System/Library/Frameworks/AVFoundation.framework; sourceTree = SDKROOT; };
/* End PBXFileReference section */

/* Begin PBXFrameworksBuildPhase section */
		9E326E761BD5CDCD006F2519 /* Frameworks */ = {
			isa = PBXFrameworksBuildPhase;
			buildActionMask = 2147483647;
			files = (
				9E326EA21BD5CE1B006F2519 /* Foundation.framework in Frameworks */,
				9E326EA01BD5CE16006F2519 /* AVFoundation.framework in Frameworks */,
				9E28FC751BD5EB7E0068043B /* GameController.framework in Frameworks */,
				9E326E9E1BD5CE10006F2519 /* SpriteKit.framework in Frameworks */,
				9E326EA31BD5D0E9006F2519 /* PilotAceSharedFrameworkTVOS.framework in Frameworks */,
				9E326EA91BD5D0FA006F2519 /* GameKit.framework in Frameworks */,
			);
			runOnlyForDeploymentPostprocessing = 0;
		};
		E08FF72D18AD7524003D2E05 /* Frameworks */ = {
			isa = PBXFrameworksBuildPhase;
			buildActionMask = 2147483647;
			files = (
				9E28FC771BD5EBC00068043B /* GameController.framework in Frameworks */,
				9E326EAA1BD5D112006F2519 /* GameKit.framework in Frameworks */,
				E04206D318EE5B610057A1AA /* Social.framework in Frameworks */,
				9EEEC1E81BD527A50088032F /* PilotAceSharedFramework.framework in Frameworks */,
				E0D5A04318C95A28004AB2E5 /* AVFoundation.framework in Frameworks */,
				E08FF73818AD7524003D2E05 /* UIKit.framework in Frameworks */,
				E08FF73A18AD7524003D2E05 /* SpriteKit.framework in Frameworks */,
				E08FF73418AD7524003D2E05 /* Foundation.framework in Frameworks */,
			);
			runOnlyForDeploymentPostprocessing = 0;
		};
		E08FF75818AD7524003D2E05 /* Frameworks */ = {
			isa = PBXFrameworksBuildPhase;
			buildActionMask = 2147483647;
			files = (
				E08FF75D18AD7524003D2E05 /* XCTest.framework in Frameworks */,
				E08FF75F18AD7524003D2E05 /* UIKit.framework in Frameworks */,
				E08FF75E18AD7524003D2E05 /* Foundation.framework in Frameworks */,
			);
			runOnlyForDeploymentPostprocessing = 0;
		};
/* End PBXFrameworksBuildPhase section */

/* Begin PBXGroup section */
		9E326E7A1BD5CDCD006F2519 /* Pilot Ace TV */ = {
			isa = PBXGroup;
			children = (
				9EF4CCB61BD9C75700ACB6DD /* Sound Effects */,
				9E6776291BD87C1800C2D53D /* Chalkduster.ttf */,
				9E326E7E1BD5CDCD006F2519 /* AppDelegate.h */,
				9E326E7F1BD5CDCD006F2519 /* AppDelegate.m */,
				9E326E861BD5CDCD006F2519 /* GameViewController.h */,
				9E326E871BD5CDCD006F2519 /* GameViewController.m */,
				9E326E8B1BD5CDCD006F2519 /* Main.storyboard */,
				9E326E8E1BD5CDCD006F2519 /* Assets.xcassets */,
				9E326E901BD5CDCD006F2519 /* Info.plist */,
				9E326E7B1BD5CDCD006F2519 /* Supporting Files */,
			);
			path = "Pilot Ace TV";
			sourceTree = "<group>";
		};
		9E326E7B1BD5CDCD006F2519 /* Supporting Files */ = {
			isa = PBXGroup;
			children = (
				9E326E7C1BD5CDCD006F2519 /* main.m */,
			);
			name = "Supporting Files";
			sourceTree = "<group>";
		};
		9E63DE341BA59A37006D5123 /* Products */ = {
			isa = PBXGroup;
			children = (
				9E63DE391BA59A38006D5123 /* PilotAceSharedFramework.framework */,
				9E63DE3B1BA59A38006D5123 /* PilotAceSharedFrameworkTests.xctest */,
				9E326E961BD5CDCD006F2519 /* PilotAceSharedFrameworkTVOS.framework */,
			);
			name = Products;
			sourceTree = "<group>";
		};
		9EF4CCB61BD9C75700ACB6DD /* Sound Effects */ = {
			isa = PBXGroup;
			children = (
				9EF4CCA31BD9C74800ACB6DD /* bullet_object_hit.caf */,
				9EF4CCA41BD9C74800ACB6DD /* game_over_highscore.caf */,
				9EF4CCA51BD9C74800ACB6DD /* game_over_no_highscore.caf */,
				9EF4CCA61BD9C74800ACB6DD /* gas_can.caf */,
				9EF4CCA71BD9C74800ACB6DD /* missile_explosion.caf */,
				9EF4CCA81BD9C74800ACB6DD /* missile_tink.caf */,
				9EF4CCA91BD9C74800ACB6DD /* pause.caf */,
				9EF4CCAA1BD9C74800ACB6DD /* plane_explosion.caf */,
				9EF4CCAB1BD9C74800ACB6DD /* unpause.caf */,
			);
			name = "Sound Effects";
			sourceTree = "<group>";
		};
		E08FF72718AD7524003D2E05 = {
			isa = PBXGroup;
			children = (
				9E63DE331BA59A37006D5123 /* PilotAceSharedFramework.xcodeproj */,
				E08FF73B18AD7524003D2E05 /* Pilot Ace */,
				E08FF76218AD7524003D2E05 /* Pilot AceTests */,
				9E326E7A1BD5CDCD006F2519 /* Pilot Ace TV */,
				E08FF73218AD7524003D2E05 /* Frameworks */,
				E08FF73118AD7524003D2E05 /* Products */,
			);
			sourceTree = "<group>";
		};
		E08FF73118AD7524003D2E05 /* Products */ = {
			isa = PBXGroup;
			children = (
				E08FF73018AD7524003D2E05 /* Pilot Ace.app */,
				E08FF75B18AD7524003D2E05 /* Pilot AceTests.xctest */,
				9E326E791BD5CDCD006F2519 /* Pilot Ace.app */,
			);
			name = Products;
			sourceTree = "<group>";
		};
		E08FF73218AD7524003D2E05 /* Frameworks */ = {
			isa = PBXGroup;
			children = (
				9E28FC761BD5EBC00068043B /* GameController.framework */,
				9E28FC741BD5EB7E0068043B /* GameController.framework */,
				9E326EA81BD5D0FA006F2519 /* GameKit.framework */,
				9E326EA11BD5CE1B006F2519 /* Foundation.framework */,
				9E326E9F1BD5CE16006F2519 /* AVFoundation.framework */,
				9E326E9D1BD5CE10006F2519 /* SpriteKit.framework */,
				E04206D218EE5B610057A1AA /* Social.framework */,
				E0D5A04218C95A28004AB2E5 /* AVFoundation.framework */,
				E02979B518BD4F5F00A7DC94 /* GameKit.framework */,
				E08FF73318AD7524003D2E05 /* Foundation.framework */,
				E08FF73518AD7524003D2E05 /* CoreGraphics.framework */,
				E08FF73718AD7524003D2E05 /* UIKit.framework */,
				E08FF73918AD7524003D2E05 /* SpriteKit.framework */,
				E08FF75C18AD7524003D2E05 /* XCTest.framework */,
			);
			name = Frameworks;
			sourceTree = "<group>";
		};
		E08FF73B18AD7524003D2E05 /* Pilot Ace */ = {
			isa = PBXGroup;
			children = (
				E08FF74418AD7524003D2E05 /* PilotAceAppDelegate.h */,
				E08FF74518AD7524003D2E05 /* PilotAceAppDelegate.m */,
				E08FF74A18AD7524003D2E05 /* Main_iPad.storyboard */,
				E08FF74718AD7524003D2E05 /* Main_iPhone.storyboard */,
				E08FF74D18AD7524003D2E05 /* ViewController.h */,
				E08FF74E18AD7524003D2E05 /* ViewController.m */,
				E08FF75518AD7524003D2E05 /* Images.xcassets */,
				E08FF73C18AD7524003D2E05 /* Supporting Files */,
			);
			path = "Pilot Ace";
			sourceTree = "<group>";
		};
		E08FF73C18AD7524003D2E05 /* Supporting Files */ = {
			isa = PBXGroup;
			children = (
				E08FF73D18AD7524003D2E05 /* Pilot Ace-Info.plist */,
				E08FF73E18AD7524003D2E05 /* InfoPlist.strings */,
				E08FF74118AD7524003D2E05 /* main.m */,
				E08FF74318AD7524003D2E05 /* Pilot Ace-Prefix.pch */,
			);
			name = "Supporting Files";
			sourceTree = "<group>";
		};
		E08FF76218AD7524003D2E05 /* Pilot AceTests */ = {
			isa = PBXGroup;
			children = (
				E08FF76818AD7524003D2E05 /* Pilot_AceTests.m */,
				E08FF76318AD7524003D2E05 /* Supporting Files */,
			);
			path = "Pilot AceTests";
			sourceTree = "<group>";
		};
		E08FF76318AD7524003D2E05 /* Supporting Files */ = {
			isa = PBXGroup;
			children = (
				E08FF76418AD7524003D2E05 /* Pilot AceTests-Info.plist */,
				E08FF76518AD7524003D2E05 /* InfoPlist.strings */,
			);
			name = "Supporting Files";
			sourceTree = "<group>";
		};
/* End PBXGroup section */

/* Begin PBXNativeTarget section */
		9E326E781BD5CDCD006F2519 /* Pilot Ace TV */ = {
			isa = PBXNativeTarget;
			buildConfigurationList = 9E326E971BD5CDCD006F2519 /* Build configuration list for PBXNativeTarget "Pilot Ace TV" */;
			buildPhases = (
				9E326E751BD5CDCD006F2519 /* Sources */,
				9E326E761BD5CDCD006F2519 /* Frameworks */,
				9E326E771BD5CDCD006F2519 /* Resources */,
				9E326EA71BD5D0E9006F2519 /* Embed Frameworks */,
			);
			buildRules = (
			);
			dependencies = (
				9E326EA61BD5D0E9006F2519 /* PBXTargetDependency */,
			);
			name = "Pilot Ace TV";
			productName = "Pilot Ace TV";
			productReference = 9E326E791BD5CDCD006F2519 /* Pilot Ace.app */;
			productType = "com.apple.product-type.application";
		};
		E08FF72F18AD7524003D2E05 /* Pilot Ace */ = {
			isa = PBXNativeTarget;
			buildConfigurationList = E08FF76C18AD7524003D2E05 /* Build configuration list for PBXNativeTarget "Pilot Ace" */;
			buildPhases = (
				E08FF72C18AD7524003D2E05 /* Sources */,
				E08FF72D18AD7524003D2E05 /* Frameworks */,
				E08FF72E18AD7524003D2E05 /* Resources */,
				9EEEC1EC1BD527A50088032F /* Embed Frameworks */,
			);
			buildRules = (
			);
			dependencies = (
				9EEEC1EB1BD527A50088032F /* PBXTargetDependency */,
			);
			name = "Pilot Ace";
			productName = "Pilot Ace";
			productReference = E08FF73018AD7524003D2E05 /* Pilot Ace.app */;
			productType = "com.apple.product-type.application";
		};
		E08FF75A18AD7524003D2E05 /* Pilot AceTests */ = {
			isa = PBXNativeTarget;
			buildConfigurationList = E08FF76F18AD7524003D2E05 /* Build configuration list for PBXNativeTarget "Pilot AceTests" */;
			buildPhases = (
				E08FF75718AD7524003D2E05 /* Sources */,
				E08FF75818AD7524003D2E05 /* Frameworks */,
				E08FF75918AD7524003D2E05 /* Resources */,
			);
			buildRules = (
			);
			dependencies = (
				E08FF76118AD7524003D2E05 /* PBXTargetDependency */,
			);
			name = "Pilot AceTests";
			productName = "Pilot AceTests";
			productReference = E08FF75B18AD7524003D2E05 /* Pilot AceTests.xctest */;
			productType = "com.apple.product-type.bundle.unit-test";
		};
/* End PBXNativeTarget section */

/* Begin PBXProject section */
		E08FF72818AD7524003D2E05 /* Project object */ = {
			isa = PBXProject;
			attributes = {
				KnownAssetTags = (
					"com.apple.gamecenter.Dashboard Image",
					com.apple.gamecenter.HelicopterLeaderboard,
					com.apple.gamecenter.Leaderboard,
					"com.apple.gamecenter.Leaderboard Set",
					com.apple.gamecenter.PlaneLeaderboard,
				);
				LastUpgradeCheck = 0910;
				ORGANIZATIONNAME = "Sean Kosanovich";
				TargetAttributes = {
					9E326E781BD5CDCD006F2519 = {
						CreatedOnToolsVersion = 7.1;
						DevelopmentTeam = RD3NS3RA8P;
						SystemCapabilities = {
							com.apple.GameCenter = {
								enabled = 1;
							};
							com.apple.GameControllers.appletvos = {
								enabled = 1;
							};
						};
					};
					E08FF72F18AD7524003D2E05 = {
						DevelopmentTeam = RD3NS3RA8P;
						ProvisioningStyle = Automatic;
						SystemCapabilities = {
							com.apple.GameCenter = {
								enabled = 1;
							};
						};
					};
					E08FF75A18AD7524003D2E05 = {
						TestTargetID = E08FF72F18AD7524003D2E05;
					};
				};
			};
			buildConfigurationList = E08FF72B18AD7524003D2E05 /* Build configuration list for PBXProject "Pilot Ace" */;
			compatibilityVersion = "Xcode 3.2";
			developmentRegion = English;
			hasScannedForEncodings = 0;
			knownRegions = (
				en,
				Base,
			);
			mainGroup = E08FF72718AD7524003D2E05;
			productRefGroup = E08FF73118AD7524003D2E05 /* Products */;
			projectDirPath = "";
			projectReferences = (
				{
					ProductGroup = 9E63DE341BA59A37006D5123 /* Products */;
					ProjectRef = 9E63DE331BA59A37006D5123 /* PilotAceSharedFramework.xcodeproj */;
				},
			);
			projectRoot = "";
			targets = (
				E08FF72F18AD7524003D2E05 /* Pilot Ace */,
				E08FF75A18AD7524003D2E05 /* Pilot AceTests */,
				9E326E781BD5CDCD006F2519 /* Pilot Ace TV */,
			);
		};
/* End PBXProject section */

/* Begin PBXReferenceProxy section */
		9E326E961BD5CDCD006F2519 /* PilotAceSharedFrameworkTVOS.framework */ = {
			isa = PBXReferenceProxy;
			fileType = wrapper.framework;
			path = PilotAceSharedFrameworkTVOS.framework;
			remoteRef = 9E326E951BD5CDCD006F2519 /* PBXContainerItemProxy */;
			sourceTree = BUILT_PRODUCTS_DIR;
		};
		9E63DE391BA59A38006D5123 /* PilotAceSharedFramework.framework */ = {
			isa = PBXReferenceProxy;
			fileType = wrapper.framework;
			path = PilotAceSharedFramework.framework;
			remoteRef = 9E63DE381BA59A38006D5123 /* PBXContainerItemProxy */;
			sourceTree = BUILT_PRODUCTS_DIR;
		};
		9E63DE3B1BA59A38006D5123 /* PilotAceSharedFrameworkTests.xctest */ = {
			isa = PBXReferenceProxy;
			fileType = wrapper.cfbundle;
			path = PilotAceSharedFrameworkTests.xctest;
			remoteRef = 9E63DE3A1BA59A38006D5123 /* PBXContainerItemProxy */;
			sourceTree = BUILT_PRODUCTS_DIR;
		};
/* End PBXReferenceProxy section */

/* Begin PBXResourcesBuildPhase section */
		9E326E771BD5CDCD006F2519 /* Resources */ = {
			isa = PBXResourcesBuildPhase;
			buildActionMask = 2147483647;
			files = (
				9E326E8D1BD5CDCD006F2519 /* Main.storyboard in Resources */,
				9EF4CCAD1BD9C74800ACB6DD /* game_over_highscore.caf in Resources */,
				9EF4CCB01BD9C74800ACB6DD /* missile_explosion.caf in Resources */,
				9EF4CCB21BD9C74800ACB6DD /* pause.caf in Resources */,
				9EF4CCAE1BD9C74800ACB6DD /* game_over_no_highscore.caf in Resources */,
				9E67762A1BD87C1800C2D53D /* Chalkduster.ttf in Resources */,
				9EF4CCB11BD9C74800ACB6DD /* missile_tink.caf in Resources */,
				9EF4CCB31BD9C74800ACB6DD /* plane_explosion.caf in Resources */,
				9EF4CCB41BD9C74800ACB6DD /* unpause.caf in Resources */,
				9EF4CCAC1BD9C74800ACB6DD /* bullet_object_hit.caf in Resources */,
				9E326E8F1BD5CDCD006F2519 /* Assets.xcassets in Resources */,
				9EF4CCAF1BD9C74800ACB6DD /* gas_can.caf in Resources */,
			);
			runOnlyForDeploymentPostprocessing = 0;
		};
		E08FF72E18AD7524003D2E05 /* Resources */ = {
			isa = PBXResourcesBuildPhase;
			buildActionMask = 2147483647;
			files = (
				9E6483391932AB0C00DE8D02 /* Main_iPad.storyboard in Resources */,
				9EF4CCBB1BD9C77F00ACB6DD /* missile_explosion.caf in Resources */,
				9EF4CCBA1BD9C77F00ACB6DD /* gas_can.caf in Resources */,
				9EF4CCBC1BD9C77F00ACB6DD /* missile_tink.caf in Resources */,
				9EF4CCB71BD9C77F00ACB6DD /* bullet_object_hit.caf in Resources */,
				9E64833A1932AB0C00DE8D02 /* Main_iPhone.storyboard in Resources */,
				9EF4CCBF1BD9C77F00ACB6DD /* unpause.caf in Resources */,
				9EF4CCB91BD9C77F00ACB6DD /* game_over_no_highscore.caf in Resources */,
				9EF4CCBD1BD9C77F00ACB6DD /* pause.caf in Resources */,
				E08FF75618AD7524003D2E05 /* Images.xcassets in Resources */,
				9EF4CCBE1BD9C77F00ACB6DD /* plane_explosion.caf in Resources */,
				E08FF74018AD7524003D2E05 /* InfoPlist.strings in Resources */,
				9EF4CCB81BD9C77F00ACB6DD /* game_over_highscore.caf in Resources */,
			);
			runOnlyForDeploymentPostprocessing = 0;
		};
		E08FF75918AD7524003D2E05 /* Resources */ = {
			isa = PBXResourcesBuildPhase;
			buildActionMask = 2147483647;
			files = (
				E08FF76718AD7524003D2E05 /* InfoPlist.strings in Resources */,
			);
			runOnlyForDeploymentPostprocessing = 0;
		};
/* End PBXResourcesBuildPhase section */

/* Begin PBXSourcesBuildPhase section */
		9E326E751BD5CDCD006F2519 /* Sources */ = {
			isa = PBXSourcesBuildPhase;
			buildActionMask = 2147483647;
			files = (
				9E326E881BD5CDCD006F2519 /* GameViewController.m in Sources */,
				9E326E801BD5CDCD006F2519 /* AppDelegate.m in Sources */,
				9E326E7D1BD5CDCD006F2519 /* main.m in Sources */,
			);
			runOnlyForDeploymentPostprocessing = 0;
		};
		E08FF72C18AD7524003D2E05 /* Sources */ = {
			isa = PBXSourcesBuildPhase;
			buildActionMask = 2147483647;
			files = (
				E08FF74F18AD7524003D2E05 /* ViewController.m in Sources */,
				E08FF74618AD7524003D2E05 /* PilotAceAppDelegate.m in Sources */,
				E08FF74218AD7524003D2E05 /* main.m in Sources */,
			);
			runOnlyForDeploymentPostprocessing = 0;
		};
		E08FF75718AD7524003D2E05 /* Sources */ = {
			isa = PBXSourcesBuildPhase;
			buildActionMask = 2147483647;
			files = (
				E08FF76918AD7524003D2E05 /* Pilot_AceTests.m in Sources */,
			);
			runOnlyForDeploymentPostprocessing = 0;
		};
/* End PBXSourcesBuildPhase section */

/* Begin PBXTargetDependency section */
		9E326EA61BD5D0E9006F2519 /* PBXTargetDependency */ = {
			isa = PBXTargetDependency;
			name = PilotAceSharedFrameworkTVOS;
			targetProxy = 9E326EA51BD5D0E9006F2519 /* PBXContainerItemProxy */;
		};
		9EEEC1EB1BD527A50088032F /* PBXTargetDependency */ = {
			isa = PBXTargetDependency;
			name = PilotAceSharedFramework;
			targetProxy = 9EEEC1EA1BD527A50088032F /* PBXContainerItemProxy */;
		};
		E08FF76118AD7524003D2E05 /* PBXTargetDependency */ = {
			isa = PBXTargetDependency;
			target = E08FF72F18AD7524003D2E05 /* Pilot Ace */;
			targetProxy = E08FF76018AD7524003D2E05 /* PBXContainerItemProxy */;
		};
/* End PBXTargetDependency section */

/* Begin PBXVariantGroup section */
		9E326E8B1BD5CDCD006F2519 /* Main.storyboard */ = {
			isa = PBXVariantGroup;
			children = (
				9E326E8C1BD5CDCD006F2519 /* Base */,
			);
			name = Main.storyboard;
			sourceTree = "<group>";
		};
		E08FF73E18AD7524003D2E05 /* InfoPlist.strings */ = {
			isa = PBXVariantGroup;
			children = (
				E08FF73F18AD7524003D2E05 /* en */,
			);
			name = InfoPlist.strings;
			sourceTree = "<group>";
		};
		E08FF74718AD7524003D2E05 /* Main_iPhone.storyboard */ = {
			isa = PBXVariantGroup;
			children = (
				E08FF74818AD7524003D2E05 /* Base */,
			);
			name = Main_iPhone.storyboard;
			sourceTree = "<group>";
		};
		E08FF74A18AD7524003D2E05 /* Main_iPad.storyboard */ = {
			isa = PBXVariantGroup;
			children = (
				E08FF74B18AD7524003D2E05 /* Base */,
			);
			name = Main_iPad.storyboard;
			sourceTree = "<group>";
		};
		E08FF76518AD7524003D2E05 /* InfoPlist.strings */ = {
			isa = PBXVariantGroup;
			children = (
				E08FF76618AD7524003D2E05 /* en */,
			);
			name = InfoPlist.strings;
			sourceTree = "<group>";
		};
/* End PBXVariantGroup section */

/* Begin XCBuildConfiguration section */
		9E326E911BD5CDCD006F2519 /* Debug */ = {
			isa = XCBuildConfiguration;
			buildSettings = {
				ALWAYS_SEARCH_USER_PATHS = NO;
				ASSETCATALOG_COMPILER_APPICON_NAME = "App Icon & Top Shelf Image";
				ASSETCATALOG_COMPILER_LAUNCHIMAGE_NAME = LaunchImage;
				CLANG_WARN_UNREACHABLE_CODE = YES;
				CODE_SIGN_IDENTITY = "iPhone Developer";
				"CODE_SIGN_IDENTITY[sdk=appletvos*]" = "iPhone Developer";
				"CODE_SIGN_IDENTITY[sdk=iphoneos*]" = "iPhone Developer: Sean Kosanovich (54V6H364LN)";
				DEBUG_INFORMATION_FORMAT = "dwarf-with-dsym";
				ENABLE_STRICT_OBJC_MSGSEND = YES;
				FRAMEWORK_SEARCH_PATHS = "";
				GCC_NO_COMMON_BLOCKS = YES;
				GCC_WARN_UNINITIALIZED_AUTOS = YES_AGGRESSIVE;
				HEADER_SEARCH_PATHS = "";
				INFOPLIST_FILE = "Pilot Ace TV/Info.plist";
				LD_RUNPATH_SEARCH_PATHS = "$(inherited) @executable_path/Frameworks";
				LIBRARY_SEARCH_PATHS = "";
				MTL_ENABLE_DEBUG_INFO = YES;
				PRODUCT_BUNDLE_IDENTIFIER = "com.seko.pilotace.Pilot-Ace";
				PRODUCT_NAME = "Pilot Ace";
				PROVISIONING_PROFILE = "";
				SDKROOT = appletvos;
				TARGETED_DEVICE_FAMILY = 3;
				TVOS_DEPLOYMENT_TARGET = 9.0;
			};
			name = Debug;
		};
		9E326E921BD5CDCD006F2519 /* Release */ = {
			isa = XCBuildConfiguration;
			buildSettings = {
				ALWAYS_SEARCH_USER_PATHS = NO;
				ASSETCATALOG_COMPILER_APPICON_NAME = "App Icon & Top Shelf Image";
				ASSETCATALOG_COMPILER_LAUNCHIMAGE_NAME = LaunchImage;
				CLANG_WARN_UNREACHABLE_CODE = YES;
				CODE_SIGN_IDENTITY = "iPhone Developer";
				"CODE_SIGN_IDENTITY[sdk=appletvos*]" = "iPhone Developer";
				COPY_PHASE_STRIP = NO;
				DEBUG_INFORMATION_FORMAT = "dwarf-with-dsym";
				ENABLE_STRICT_OBJC_MSGSEND = YES;
				FRAMEWORK_SEARCH_PATHS = "";
				GCC_NO_COMMON_BLOCKS = YES;
				GCC_WARN_UNINITIALIZED_AUTOS = YES_AGGRESSIVE;
				HEADER_SEARCH_PATHS = "";
				INFOPLIST_FILE = "Pilot Ace TV/Info.plist";
				LD_RUNPATH_SEARCH_PATHS = "$(inherited) @executable_path/Frameworks";
				LIBRARY_SEARCH_PATHS = "";
				MTL_ENABLE_DEBUG_INFO = NO;
				PRODUCT_BUNDLE_IDENTIFIER = "com.seko.pilotace.Pilot-Ace";
				PRODUCT_NAME = "Pilot Ace";
				PROVISIONING_PROFILE = "";
				SDKROOT = appletvos;
				TARGETED_DEVICE_FAMILY = 3;
				TVOS_DEPLOYMENT_TARGET = 9.0;
			};
			name = Release;
		};
		E08FF76A18AD7524003D2E05 /* Debug */ = {
			isa = XCBuildConfiguration;
			buildSettings = {
				ALWAYS_SEARCH_USER_PATHS = NO;
				CLANG_CXX_LANGUAGE_STANDARD = "gnu++0x";
				CLANG_CXX_LIBRARY = "libc++";
				CLANG_ENABLE_MODULES = YES;
				CLANG_ENABLE_OBJC_ARC = YES;
				CLANG_WARN_BLOCK_CAPTURE_AUTORELEASING = YES;
				CLANG_WARN_BOOL_CONVERSION = YES;
				CLANG_WARN_COMMA = YES;
				CLANG_WARN_CONSTANT_CONVERSION = YES;
				CLANG_WARN_DIRECT_OBJC_ISA_USAGE = YES_ERROR;
				CLANG_WARN_EMPTY_BODY = YES;
				CLANG_WARN_ENUM_CONVERSION = YES;
				CLANG_WARN_INFINITE_RECURSION = YES;
				CLANG_WARN_INT_CONVERSION = YES;
				CLANG_WARN_NON_LITERAL_NULL_CONVERSION = YES;
				CLANG_WARN_OBJC_LITERAL_CONVERSION = YES;
				CLANG_WARN_OBJC_ROOT_CLASS = YES_ERROR;
				CLANG_WARN_RANGE_LOOP_ANALYSIS = YES;
				CLANG_WARN_STRICT_PROTOTYPES = YES;
				CLANG_WARN_SUSPICIOUS_MOVE = YES;
				CLANG_WARN_UNREACHABLE_CODE = YES;
				CLANG_WARN__DUPLICATE_METHOD_MATCH = YES;
				"CODE_SIGN_IDENTITY[sdk=iphoneos*]" = "iPhone Developer";
				COPY_PHASE_STRIP = NO;
				ENABLE_STRICT_OBJC_MSGSEND = YES;
				ENABLE_TESTABILITY = YES;
				GCC_C_LANGUAGE_STANDARD = gnu99;
				GCC_DYNAMIC_NO_PIC = NO;
				GCC_NO_COMMON_BLOCKS = YES;
				GCC_OPTIMIZATION_LEVEL = 0;
				GCC_PREPROCESSOR_DEFINITIONS = (
					"DEBUG=1",
					"$(inherited)",
				);
				GCC_SYMBOLS_PRIVATE_EXTERN = NO;
				GCC_WARN_64_TO_32_BIT_CONVERSION = YES;
				GCC_WARN_ABOUT_RETURN_TYPE = YES_ERROR;
				GCC_WARN_UNDECLARED_SELECTOR = YES;
				GCC_WARN_UNINITIALIZED_AUTOS = YES;
				GCC_WARN_UNUSED_FUNCTION = YES;
				GCC_WARN_UNUSED_VARIABLE = YES;
				IPHONEOS_DEPLOYMENT_TARGET = 8.0;
				ONLY_ACTIVE_ARCH = YES;
				SDKROOT = iphoneos;
				TARGETED_DEVICE_FAMILY = "1,2";
			};
			name = Debug;
		};
		E08FF76B18AD7524003D2E05 /* Release */ = {
			isa = XCBuildConfiguration;
			buildSettings = {
				ALWAYS_SEARCH_USER_PATHS = NO;
				CLANG_CXX_LANGUAGE_STANDARD = "gnu++0x";
				CLANG_CXX_LIBRARY = "libc++";
				CLANG_ENABLE_MODULES = YES;
				CLANG_ENABLE_OBJC_ARC = YES;
				CLANG_WARN_BLOCK_CAPTURE_AUTORELEASING = YES;
				CLANG_WARN_BOOL_CONVERSION = YES;
				CLANG_WARN_COMMA = YES;
				CLANG_WARN_CONSTANT_CONVERSION = YES;
				CLANG_WARN_DIRECT_OBJC_ISA_USAGE = YES_ERROR;
				CLANG_WARN_EMPTY_BODY = YES;
				CLANG_WARN_ENUM_CONVERSION = YES;
				CLANG_WARN_INFINITE_RECURSION = YES;
				CLANG_WARN_INT_CONVERSION = YES;
				CLANG_WARN_NON_LITERAL_NULL_CONVERSION = YES;
				CLANG_WARN_OBJC_LITERAL_CONVERSION = YES;
				CLANG_WARN_OBJC_ROOT_CLASS = YES_ERROR;
				CLANG_WARN_RANGE_LOOP_ANALYSIS = YES;
				CLANG_WARN_STRICT_PROTOTYPES = YES;
				CLANG_WARN_SUSPICIOUS_MOVE = YES;
				CLANG_WARN_UNREACHABLE_CODE = YES;
				CLANG_WARN__DUPLICATE_METHOD_MATCH = YES;
				"CODE_SIGN_IDENTITY[sdk=iphoneos*]" = "iPhone Developer";
				COPY_PHASE_STRIP = YES;
				ENABLE_NS_ASSERTIONS = NO;
				ENABLE_STRICT_OBJC_MSGSEND = YES;
				GCC_C_LANGUAGE_STANDARD = gnu99;
				GCC_NO_COMMON_BLOCKS = YES;
				GCC_WARN_64_TO_32_BIT_CONVERSION = YES;
				GCC_WARN_ABOUT_RETURN_TYPE = YES_ERROR;
				GCC_WARN_UNDECLARED_SELECTOR = YES;
				GCC_WARN_UNINITIALIZED_AUTOS = YES;
				GCC_WARN_UNUSED_FUNCTION = YES;
				GCC_WARN_UNUSED_VARIABLE = YES;
				IPHONEOS_DEPLOYMENT_TARGET = 8.0;
				SDKROOT = iphoneos;
				TARGETED_DEVICE_FAMILY = "1,2";
				VALIDATE_PRODUCT = YES;
			};
			name = Release;
		};
		E08FF76D18AD7524003D2E05 /* Debug */ = {
			isa = XCBuildConfiguration;
			buildSettings = {
				ASSETCATALOG_COMPILER_APPICON_NAME = AppIcon;
				ASSETCATALOG_COMPILER_LAUNCHIMAGE_NAME = LaunchImage;
				CLANG_WARN_OBJC_EXPLICIT_OWNERSHIP_TYPE = NO;
				CLANG_WARN_OBJC_IMPLICIT_RETAIN_SELF = NO;
				CLANG_WARN_OBJC_RECEIVER_WEAK = NO;
				CLANG_WARN_OBJC_REPEATED_USE_OF_WEAK = NO;
				CODE_SIGN_IDENTITY = "iPhone Developer: Sean Kosanovich (54V6H364LN)";
				"CODE_SIGN_IDENTITY[sdk=iphoneos*]" = "iPhone Developer";
				CODE_SIGN_STYLE = Automatic;
				DEVELOPMENT_TEAM = "";
				GCC_PRECOMPILE_PREFIX_HEADER = YES;
				GCC_PREFIX_HEADER = "Pilot Ace/Pilot Ace-Prefix.pch";
				HEADER_SEARCH_PATHS = (
					"$(inherited)",
					/Applications/Xcode.app/Contents/Developer/Toolchains/XcodeDefault.xctoolchain/usr/include,
					"$(SRCROOT)/Sprites",
					"$(SRCROOT)/Scenes",
					"$(SRCROOT)/UIElements",
					"$(SRCROOT)/SpriteControllers",
					"$(SRCROOT)/GameControllers",
					"$(SRCROOT)/GameCenter",
				);
				"HEADER_SEARCH_PATHS[arch=*]" = (
					"$(inherited)",
					/Applications/Xcode.app/Contents/Developer/Toolchains/XcodeDefault.xctoolchain/usr/include,
					"$(SRCROOT)/Sprites",
					"$(SRCROOT)/Scenes",
					"$(SRCROOT)/UIElements",
					"$(SRCROOT)/SpriteControllers",
					"$(SRCROOT)/GameControllers",
					"$(SRCROOT)/GameCenter",
				);
				INFOPLIST_FILE = "Pilot Ace/Pilot Ace-Info.plist";
				IPHONEOS_DEPLOYMENT_TARGET = 8.0;
				LD_RUNPATH_SEARCH_PATHS = "$(inherited) @executable_path/Frameworks";
				PRODUCT_BUNDLE_IDENTIFIER = "com.seko.pilotace.${PRODUCT_NAME:rfc1034identifier}";
				PRODUCT_NAME = "$(TARGET_NAME)";
				PROVISIONING_PROFILE = "";
				PROVISIONING_PROFILE_SPECIFIER = "";
				SDKROOT = iphoneos;
				SPRITEKIT_TEXTURE_ATLAS_OUTPUT = YES;
				TARGETED_DEVICE_FAMILY = "1,2";
				WRAPPER_EXTENSION = app;
			};
			name = Debug;
		};
		E08FF76E18AD7524003D2E05 /* Release */ = {
			isa = XCBuildConfiguration;
			buildSettings = {
				ASSETCATALOG_COMPILER_APPICON_NAME = AppIcon;
				ASSETCATALOG_COMPILER_LAUNCHIMAGE_NAME = LaunchImage;
				CLANG_WARN_OBJC_EXPLICIT_OWNERSHIP_TYPE = NO;
				CLANG_WARN_OBJC_IMPLICIT_RETAIN_SELF = NO;
				CLANG_WARN_OBJC_RECEIVER_WEAK = NO;
				CLANG_WARN_OBJC_REPEATED_USE_OF_WEAK = NO;
				CODE_SIGN_IDENTITY = "iPhone Distribution: Sean Kosanovich (RD3NS3RA8P)";
				"CODE_SIGN_IDENTITY[sdk=iphoneos*]" = "iPhone Developer";
				CODE_SIGN_STYLE = Automatic;
				DEVELOPMENT_TEAM = "";
				GCC_PRECOMPILE_PREFIX_HEADER = YES;
				GCC_PREFIX_HEADER = "Pilot Ace/Pilot Ace-Prefix.pch";
				HEADER_SEARCH_PATHS = (
					"$(inherited)",
					/Applications/Xcode.app/Contents/Developer/Toolchains/XcodeDefault.xctoolchain/usr/include,
					"$(SRCROOT)/Sprites",
					"$(SRCROOT)/Scenes",
					"$(SRCROOT)/UIElements",
					"$(SRCROOT)/SpriteControllers",
					"$(SRCROOT)/GameControllers",
					"$(SRCROOT)/GameCenter",
				);
				INFOPLIST_FILE = "Pilot Ace/Pilot Ace-Info.plist";
				IPHONEOS_DEPLOYMENT_TARGET = 8.0;
				LD_RUNPATH_SEARCH_PATHS = "$(inherited) @executable_path/Frameworks";
				PRODUCT_BUNDLE_IDENTIFIER = "com.seko.pilotace.${PRODUCT_NAME:rfc1034identifier}";
				PRODUCT_NAME = "$(TARGET_NAME)";
				PROVISIONING_PROFILE = "";
				PROVISIONING_PROFILE_SPECIFIER = "";
				SDKROOT = iphoneos;
				SPRITEKIT_TEXTURE_ATLAS_OUTPUT = YES;
				TARGETED_DEVICE_FAMILY = "1,2";
				WRAPPER_EXTENSION = app;
			};
			name = Release;
		};
		E08FF77018AD7524003D2E05 /* Debug */ = {
			isa = XCBuildConfiguration;
			buildSettings = {
				BUNDLE_LOADER = "$(BUILT_PRODUCTS_DIR)/Pilot Ace.app/Pilot Ace";
				FRAMEWORK_SEARCH_PATHS = (
					"$(SDKROOT)/Developer/Library/Frameworks",
					"$(inherited)",
					"$(DEVELOPER_FRAMEWORKS_DIR)",
				);
				GCC_PRECOMPILE_PREFIX_HEADER = YES;
				GCC_PREFIX_HEADER = "Pilot Ace/Pilot Ace-Prefix.pch";
				GCC_PREPROCESSOR_DEFINITIONS = (
					"DEBUG=1",
					"$(inherited)",
				);
				INFOPLIST_FILE = "Pilot AceTests/Pilot AceTests-Info.plist";
				PRODUCT_BUNDLE_IDENTIFIER = "com.seko.pilotace.${PRODUCT_NAME:rfc1034identifier}";
				PRODUCT_NAME = "$(TARGET_NAME)";
				TEST_HOST = "$(BUNDLE_LOADER)";
				WRAPPER_EXTENSION = xctest;
			};
			name = Debug;
		};
		E08FF77118AD7524003D2E05 /* Release */ = {
			isa = XCBuildConfiguration;
			buildSettings = {
				BUNDLE_LOADER = "$(BUILT_PRODUCTS_DIR)/Pilot Ace.app/Pilot Ace";
				FRAMEWORK_SEARCH_PATHS = (
					"$(SDKROOT)/Developer/Library/Frameworks",
					"$(inherited)",
					"$(DEVELOPER_FRAMEWORKS_DIR)",
				);
				GCC_PRECOMPILE_PREFIX_HEADER = YES;
				GCC_PREFIX_HEADER = "Pilot Ace/Pilot Ace-Prefix.pch";
				INFOPLIST_FILE = "Pilot AceTests/Pilot AceTests-Info.plist";
				PRODUCT_BUNDLE_IDENTIFIER = "com.seko.pilotace.${PRODUCT_NAME:rfc1034identifier}";
				PRODUCT_NAME = "$(TARGET_NAME)";
				TEST_HOST = "$(BUNDLE_LOADER)";
				WRAPPER_EXTENSION = xctest;
			};
			name = Release;
		};
/* End XCBuildConfiguration section */

/* Begin XCConfigurationList section */
		9E326E971BD5CDCD006F2519 /* Build configuration list for PBXNativeTarget "Pilot Ace TV" */ = {
			isa = XCConfigurationList;
			buildConfigurations = (
				9E326E911BD5CDCD006F2519 /* Debug */,
				9E326E921BD5CDCD006F2519 /* Release */,
			);
			defaultConfigurationIsVisible = 0;
			defaultConfigurationName = Release;
		};
		E08FF72B18AD7524003D2E05 /* Build configuration list for PBXProject "Pilot Ace" */ = {
			isa = XCConfigurationList;
			buildConfigurations = (
				E08FF76A18AD7524003D2E05 /* Debug */,
				E08FF76B18AD7524003D2E05 /* Release */,
			);
			defaultConfigurationIsVisible = 0;
			defaultConfigurationName = Release;
		};
		E08FF76C18AD7524003D2E05 /* Build configuration list for PBXNativeTarget "Pilot Ace" */ = {
			isa = XCConfigurationList;
			buildConfigurations = (
				E08FF76D18AD7524003D2E05 /* Debug */,
				E08FF76E18AD7524003D2E05 /* Release */,
			);
			defaultConfigurationIsVisible = 0;
			defaultConfigurationName = Release;
		};
		E08FF76F18AD7524003D2E05 /* Build configuration list for PBXNativeTarget "Pilot AceTests" */ = {
			isa = XCConfigurationList;
			buildConfigurations = (
				E08FF77018AD7524003D2E05 /* Debug */,
				E08FF77118AD7524003D2E05 /* Release */,
			);
			defaultConfigurationIsVisible = 0;
			defaultConfigurationName = Release;
		};
/* End XCConfigurationList section */
	};
	rootObject = E08FF72818AD7524003D2E05 /* Project object */;
}
